
Microsoft Visual Studio Solution File, Format Version 12.00
# Visual Studio Version 16
VisualStudioVersion = 16.0.29613.14
MinimumVisualStudioVersion = 10.0.40219.1
Project("{2150E333-8FDC-42A3-9474-1A3956D46DE8}") = "Solution Items", "Solution Items", "{AA60DF2E-FC28-4FFC-9CB3-1A0447F84A1A}"
	ProjectSection(SolutionItems) = preProject
		.editorconfig = .editorconfig
	EndProjectSection
EndProject
Project("{9A19103F-16F7-4668-BE54-9A1E7A4F7556}") = "DuelMastersModels", "DuelMastersModels\DuelMastersModels.csproj", "{7AC6FBA1-B1B9-4275-B99F-64E9B414BCFE}"
EndProject
Project("{9A19103F-16F7-4668-BE54-9A1E7A4F7556}") = "DuelMastersModelTests", "DuelMastersModelTests\DuelMastersModelTests.csproj", "{E93D2CC0-FA32-40BA-A151-B5AFB0B95E47}"
	ProjectSection(ProjectDependencies) = postProject
		{7AC6FBA1-B1B9-4275-B99F-64E9B414BCFE} = {7AC6FBA1-B1B9-4275-B99F-64E9B414BCFE}
	EndProjectSection
EndProject
Project("{9A19103F-16F7-4668-BE54-9A1E7A4F7556}") = "DuelMastersInterfaceModels", "DuelMastersInterfaceModels\DuelMastersInterfaceModels.csproj", "{438C4598-8F75-4A19-B980-4EB1F151709A}"
EndProject
Project("{9A19103F-16F7-4668-BE54-9A1E7A4F7556}") = "DuelMastersServer", "DuelMastersServer\DuelMastersServer.csproj", "{5BF0F7F2-0F68-4997-912A-6C4D249EC090}"
EndProject
Project("{9A19103F-16F7-4668-BE54-9A1E7A4F7556}") = "DuelMastersClientForms", "DuelMastersClientForms\DuelMastersClientForms.csproj", "{7AD057BA-97C2-4623-AF11-3DE7F73AA2D3}"
EndProject
Global
	GlobalSection(SolutionConfigurationPlatforms) = preSolution
		Debug|Any CPU = Debug|Any CPU
		Release|Any CPU = Release|Any CPU
	EndGlobalSection
	GlobalSection(ProjectConfigurationPlatforms) = postSolution
		{7AC6FBA1-B1B9-4275-B99F-64E9B414BCFE}.Debug|Any CPU.ActiveCfg = Debug|Any CPU
		{7AC6FBA1-B1B9-4275-B99F-64E9B414BCFE}.Debug|Any CPU.Build.0 = Debug|Any CPU
		{7AC6FBA1-B1B9-4275-B99F-64E9B414BCFE}.Release|Any CPU.ActiveCfg = Release|Any CPU
		{7AC6FBA1-B1B9-4275-B99F-64E9B414BCFE}.Release|Any CPU.Build.0 = Release|Any CPU
		{E93D2CC0-FA32-40BA-A151-B5AFB0B95E47}.Debug|Any CPU.ActiveCfg = Debug|Any CPU
		{E93D2CC0-FA32-40BA-A151-B5AFB0B95E47}.Debug|Any CPU.Build.0 = Debug|Any CPU
		{E93D2CC0-FA32-40BA-A151-B5AFB0B95E47}.Release|Any CPU.ActiveCfg = Release|Any CPU
		{E93D2CC0-FA32-40BA-A151-B5AFB0B95E47}.Release|Any CPU.Build.0 = Release|Any CPU
		{438C4598-8F75-4A19-B980-4EB1F151709A}.Debug|Any CPU.ActiveCfg = Debug|Any CPU
		{438C4598-8F75-4A19-B980-4EB1F151709A}.Debug|Any CPU.Build.0 = Debug|Any CPU
		{438C4598-8F75-4A19-B980-4EB1F151709A}.Release|Any CPU.ActiveCfg = Release|Any CPU
		{438C4598-8F75-4A19-B980-4EB1F151709A}.Release|Any CPU.Build.0 = Release|Any CPU
		{5BF0F7F2-0F68-4997-912A-6C4D249EC090}.Debug|Any CPU.ActiveCfg = Debug|Any CPU
		{5BF0F7F2-0F68-4997-912A-6C4D249EC090}.Debug|Any CPU.Build.0 = Debug|Any CPU
		{5BF0F7F2-0F68-4997-912A-6C4D249EC090}.Release|Any CPU.ActiveCfg = Release|Any CPU
		{5BF0F7F2-0F68-4997-912A-6C4D249EC090}.Release|Any CPU.Build.0 = Release|Any CPU
		{7AD057BA-97C2-4623-AF11-3DE7F73AA2D3}.Debug|Any CPU.ActiveCfg = Debug|Any CPU
		{7AD057BA-97C2-4623-AF11-3DE7F73AA2D3}.Debug|Any CPU.Build.0 = Debug|Any CPU
		{7AD057BA-97C2-4623-AF11-3DE7F73AA2D3}.Release|Any CPU.ActiveCfg = Release|Any CPU
		{7AD057BA-97C2-4623-AF11-3DE7F73AA2D3}.Release|Any CPU.Build.0 = Release|Any CPU
	EndGlobalSection
	GlobalSection(SolutionProperties) = preSolution
		HideSolutionNode = FALSE
	EndGlobalSection
	GlobalSection(ExtensibilityGlobals) = postSolution
		SolutionGuid = {B09F1F47-2AD8-4301-BE6E-9DA2E8CB2035}
	EndGlobalSection
EndGlobal
